
Microsoft Visual Studio Solution File, Format Version 12.00
# Visual Studio Version 16
VisualStudioVersion = 16.0.30413.136
MinimumVisualStudioVersion = 10.0.40219.1
Project("{FAE04EC0-301F-11D3-BF4B-00C04F79EFBC}") = "NetworkExam", "NetworkExam\NetworkExam.csproj", "{B51B10F6-169D-4DC3-985F-4CCA98A6C7EE}"
EndProject
Global
	GlobalSection(SolutionConfigurationPlatforms) = preSolution
		Debug|Any CPU = Debug|Any CPU
		Release|Any CPU = Release|Any CPU
	EndGlobalSection
	GlobalSection(ProjectConfigurationPlatforms) = postSolution
		{B51B10F6-169D-4DC3-985F-4CCA98A6C7EE}.Debug|Any CPU.ActiveCfg = Debug|Any CPU
		{B51B10F6-169D-4DC3-985F-4CCA98A6C7EE}.Debug|Any CPU.Build.0 = Debug|Any CPU
		{B51B10F6-169D-4DC3-985F-4CCA98A6C7EE}.Release|Any CPU.ActiveCfg = Release|Any CPU
		{B51B10F6-169D-4DC3-985F-4CCA98A6C7EE}.Release|Any CPU.Build.0 = Release|Any CPU
	EndGlobalSection
	GlobalSection(SolutionProperties) = preSolution
		HideSolutionNode = FALSE
	EndGlobalSection
	GlobalSection(ExtensibilityGlobals) = postSolution
		SolutionGuid = {B8819732-FF30-49CC-B32B-0733E94CD4B9}
	EndGlobalSection
EndGlobal
